
Microsoft Visual Studio Solution File, Format Version 12.00
# Visual Studio 15
Project("{2150E333-8FDC-42A3-9474-1A3956D46DE8}") = "Applications", "Applications", "{394F3572-2702-4FF4-857E-BC3810B65F13}"
EndProject
Project("{FAE04EC0-301F-11D3-BF4B-00C04F79EFBC}") = "Inter.DomainServices", "Inter.DomainServices\Inter.DomainServices.csproj", "{DC4C3726-472F-44B6-B83D-49364FF142CC}"
EndProject
Project("{FAE04EC0-301F-11D3-BF4B-00C04F79EFBC}") = "Inter.DomainServices.Core", "Inter.DomainServices.Core\Inter.DomainServices.Core.csproj", "{5092386E-6F06-4092-992F-CABFB390E8D1}"
EndProject
Project("{FAE04EC0-301F-11D3-BF4B-00C04F79EFBC}") = "Inter.Domain", "Inter.Domain\Inter.Domain.csproj", "{03FAAABF-ECB6-4C5A-ACFD-A2B5B1334A76}"
EndProject
Project("{FAE04EC0-301F-11D3-BF4B-00C04F79EFBC}") = "Inter.Infrastructure", "Inter.Infrastructure\Inter.Infrastructure.csproj", "{5D13DF47-3432-4BE3-960B-3E308A3868E7}"
EndProject
Project("{FAE04EC0-301F-11D3-BF4B-00C04F79EFBC}") = "Inter.Infrastructure.MySQL", "Inter.Infrastructure.MySQL\Inter.Infrastructure.MySQL.csproj", "{88BD30F3-402C-4DFD-8060-905DC0BA13DE}"
EndProject
Project("{FAE04EC0-301F-11D3-BF4B-00C04F79EFBC}") = "Inter.Infrastructure.Core", "Inter.Infrastructure.Core\Inter.Infrastructure.Core.csproj", "{2F868131-CFF0-4357-B6CC-6A7D60509CD2}"
EndProject
Project("{FAE04EC0-301F-11D3-BF4B-00C04F79EFBC}") = "Inter.HeartbeatListenerAppService", "Applications\Inter.HeartbeatListenerAppService\Inter.HeartbeatListenerAppService.csproj", "{FE016E01-FDBE-4DEA-A298-C81488FC4B42}"
EndProject
Project("{2150E333-8FDC-42A3-9474-1A3956D46DE8}") = "Api", "Api", "{DBAA07C4-D46D-4394-98AC-7D23FACE35B8}"
EndProject
Project("{FAE04EC0-301F-11D3-BF4B-00C04F79EFBC}") = "InterApi", "Api\InterApi\InterApi.csproj", "{4D76BED7-279B-4E0A-8C8D-6193CAAF2B05}"
EndProject
Project("{FAE04EC0-301F-11D3-BF4B-00C04F79EFBC}") = "Inter.LifeAlertAppService", "Applications\Inter.LifeAlertAppService\Inter.LifeAlertAppService.csproj", "{CEF1E587-45AF-4B54-8947-71BA6FF07884}"
EndProject
Project("{FAE04EC0-301F-11D3-BF4B-00C04F79EFBC}") = "Inter.Dependency", "Inter.Dependency\Inter.Dependency.csproj", "{636E9C2E-46A2-4E7D-AD88-4AD5A96293F8}"
EndProject
Project("{FAE04EC0-301F-11D3-BF4B-00C04F79EFBC}") = "Inter.TempLoggerAppService", "Applications\Inter.TempLoggerAppService\Inter.TempLoggerAppService.csproj", "{A0501640-CBF6-4ABB-B06F-153E277801DF}"
EndProject
Project("{FAE04EC0-301F-11D3-BF4B-00C04F79EFBC}") = "Inter.Infrastructure.Redis", "Inter.Infrastructure.Redis\Inter.Infrastructure.Redis.csproj", "{82D08DAD-206A-4630-90DD-5F86B09F5A4C}"
EndProject
Project("{FAE04EC0-301F-11D3-BF4B-00C04F79EFBC}") = "Inter.Common", "Inter.Common\Inter.Common.csproj", "{1A421698-FAE4-4A4C-8EDC-F7CD463343B5}"
EndProject
Project("{2150E333-8FDC-42A3-9474-1A3956D46DE8}") = "Tests", "Tests", "{7BDC95B5-14A1-4193-806E-9B25851316FD}"
EndProject
Project("{FAE04EC0-301F-11D3-BF4B-00C04F79EFBC}") = "Inter.DomainServices.Tests", "Tests\Inter.DomainServices.Tests\Inter.DomainServices.Tests.csproj", "{2E1EFAEB-9C54-41C1-9C68-09CB44535B9D}"
EndProject
Project("{FAE04EC0-301F-11D3-BF4B-00C04F79EFBC}") = "Inter.PlaneIngestorService", "Applications\Inter.PlaneIngestorService\Inter.PlaneIngestorService.csproj", "{CE65161E-B55B-4903-B52C-CDC99997CA01}"
EndProject
Project("{FAE04EC0-301F-11D3-BF4B-00C04F79EFBC}") = "Inter.MetronomeService", "Applications\Inter.MetronomeService\Inter.MetronomeService.csproj", "{68DE2400-5F13-4CD6-8371-D36155D5CAD5}"
EndProject
Project("{FAE04EC0-301F-11D3-BF4B-00C04F79EFBC}") = "Inter.Infrastructure.Rabbit", "Inter.Infrastructure.Rabbit\Inter.Infrastructure.Rabbit.csproj", "{29F91701-DCC2-484C-8F0E-B15C70C5E0EA}"
EndProject
Project("{FAE04EC0-301F-11D3-BF4B-00C04F79EFBC}") = "Inter.PlaneCongregatorService", "Applications\Inter.PlaneCongregatorService\Inter.PlaneCongregatorService.csproj", "{B5491BF2-D94F-40F5-A2C6-B32BE5E964F5}"
EndProject
Project("{FAE04EC0-301F-11D3-BF4B-00C04F79EFBC}") = "Inter.Infrastructure.InfluxDB", "Inter.Infrastructure.InfluxDB\Inter.Infrastructure.InfluxDB.csproj", "{F70BEA07-7E21-4703-B3C5-80F492058557}"
EndProject
Global
	GlobalSection(SolutionConfigurationPlatforms) = preSolution
		Debug|Any CPU = Debug|Any CPU
		Release|Any CPU = Release|Any CPU
	EndGlobalSection
	GlobalSection(ProjectConfigurationPlatforms) = postSolution
		{DC4C3726-472F-44B6-B83D-49364FF142CC}.Debug|Any CPU.ActiveCfg = Debug|Any CPU
		{DC4C3726-472F-44B6-B83D-49364FF142CC}.Debug|Any CPU.Build.0 = Debug|Any CPU
		{DC4C3726-472F-44B6-B83D-49364FF142CC}.Release|Any CPU.ActiveCfg = Release|Any CPU
		{DC4C3726-472F-44B6-B83D-49364FF142CC}.Release|Any CPU.Build.0 = Release|Any CPU
		{5092386E-6F06-4092-992F-CABFB390E8D1}.Debug|Any CPU.ActiveCfg = Debug|Any CPU
		{5092386E-6F06-4092-992F-CABFB390E8D1}.Debug|Any CPU.Build.0 = Debug|Any CPU
		{5092386E-6F06-4092-992F-CABFB390E8D1}.Release|Any CPU.ActiveCfg = Release|Any CPU
		{5092386E-6F06-4092-992F-CABFB390E8D1}.Release|Any CPU.Build.0 = Release|Any CPU
		{03FAAABF-ECB6-4C5A-ACFD-A2B5B1334A76}.Debug|Any CPU.ActiveCfg = Debug|Any CPU
		{03FAAABF-ECB6-4C5A-ACFD-A2B5B1334A76}.Debug|Any CPU.Build.0 = Debug|Any CPU
		{03FAAABF-ECB6-4C5A-ACFD-A2B5B1334A76}.Release|Any CPU.ActiveCfg = Release|Any CPU
		{03FAAABF-ECB6-4C5A-ACFD-A2B5B1334A76}.Release|Any CPU.Build.0 = Release|Any CPU
		{5D13DF47-3432-4BE3-960B-3E308A3868E7}.Debug|Any CPU.ActiveCfg = Debug|Any CPU
		{5D13DF47-3432-4BE3-960B-3E308A3868E7}.Debug|Any CPU.Build.0 = Debug|Any CPU
		{5D13DF47-3432-4BE3-960B-3E308A3868E7}.Release|Any CPU.ActiveCfg = Release|Any CPU
		{5D13DF47-3432-4BE3-960B-3E308A3868E7}.Release|Any CPU.Build.0 = Release|Any CPU
		{88BD30F3-402C-4DFD-8060-905DC0BA13DE}.Debug|Any CPU.ActiveCfg = Debug|Any CPU
		{88BD30F3-402C-4DFD-8060-905DC0BA13DE}.Debug|Any CPU.Build.0 = Debug|Any CPU
		{88BD30F3-402C-4DFD-8060-905DC0BA13DE}.Release|Any CPU.ActiveCfg = Release|Any CPU
		{88BD30F3-402C-4DFD-8060-905DC0BA13DE}.Release|Any CPU.Build.0 = Release|Any CPU
		{2F868131-CFF0-4357-B6CC-6A7D60509CD2}.Debug|Any CPU.ActiveCfg = Debug|Any CPU
		{2F868131-CFF0-4357-B6CC-6A7D60509CD2}.Debug|Any CPU.Build.0 = Debug|Any CPU
		{2F868131-CFF0-4357-B6CC-6A7D60509CD2}.Release|Any CPU.ActiveCfg = Release|Any CPU
		{2F868131-CFF0-4357-B6CC-6A7D60509CD2}.Release|Any CPU.Build.0 = Release|Any CPU
		{FE016E01-FDBE-4DEA-A298-C81488FC4B42}.Debug|Any CPU.ActiveCfg = Debug|Any CPU
		{FE016E01-FDBE-4DEA-A298-C81488FC4B42}.Debug|Any CPU.Build.0 = Debug|Any CPU
		{FE016E01-FDBE-4DEA-A298-C81488FC4B42}.Release|Any CPU.ActiveCfg = Release|Any CPU
		{FE016E01-FDBE-4DEA-A298-C81488FC4B42}.Release|Any CPU.Build.0 = Release|Any CPU
		{4D76BED7-279B-4E0A-8C8D-6193CAAF2B05}.Debug|Any CPU.ActiveCfg = Debug|Any CPU
		{4D76BED7-279B-4E0A-8C8D-6193CAAF2B05}.Debug|Any CPU.Build.0 = Debug|Any CPU
		{4D76BED7-279B-4E0A-8C8D-6193CAAF2B05}.Release|Any CPU.ActiveCfg = Release|Any CPU
		{4D76BED7-279B-4E0A-8C8D-6193CAAF2B05}.Release|Any CPU.Build.0 = Release|Any CPU
		{3117FDAD-2C67-4718-95B6-375BAD696C1E}.Debug|Any CPU.ActiveCfg = Debug|Any CPU
		{3117FDAD-2C67-4718-95B6-375BAD696C1E}.Debug|Any CPU.Build.0 = Debug|Any CPU
		{3117FDAD-2C67-4718-95B6-375BAD696C1E}.Release|Any CPU.ActiveCfg = Release|Any CPU
		{3117FDAD-2C67-4718-95B6-375BAD696C1E}.Release|Any CPU.Build.0 = Release|Any CPU
		{CEF1E587-45AF-4B54-8947-71BA6FF07884}.Debug|Any CPU.ActiveCfg = Debug|Any CPU
		{CEF1E587-45AF-4B54-8947-71BA6FF07884}.Debug|Any CPU.Build.0 = Debug|Any CPU
		{CEF1E587-45AF-4B54-8947-71BA6FF07884}.Release|Any CPU.ActiveCfg = Release|Any CPU
		{CEF1E587-45AF-4B54-8947-71BA6FF07884}.Release|Any CPU.Build.0 = Release|Any CPU
		{636E9C2E-46A2-4E7D-AD88-4AD5A96293F8}.Debug|Any CPU.ActiveCfg = Debug|Any CPU
		{636E9C2E-46A2-4E7D-AD88-4AD5A96293F8}.Debug|Any CPU.Build.0 = Debug|Any CPU
		{636E9C2E-46A2-4E7D-AD88-4AD5A96293F8}.Release|Any CPU.ActiveCfg = Release|Any CPU
		{636E9C2E-46A2-4E7D-AD88-4AD5A96293F8}.Release|Any CPU.Build.0 = Release|Any CPU
		{A0501640-CBF6-4ABB-B06F-153E277801DF}.Debug|Any CPU.ActiveCfg = Debug|Any CPU
		{A0501640-CBF6-4ABB-B06F-153E277801DF}.Debug|Any CPU.Build.0 = Debug|Any CPU
		{A0501640-CBF6-4ABB-B06F-153E277801DF}.Release|Any CPU.ActiveCfg = Release|Any CPU
		{A0501640-CBF6-4ABB-B06F-153E277801DF}.Release|Any CPU.Build.0 = Release|Any CPU
		{82D08DAD-206A-4630-90DD-5F86B09F5A4C}.Debug|Any CPU.ActiveCfg = Debug|Any CPU
		{82D08DAD-206A-4630-90DD-5F86B09F5A4C}.Debug|Any CPU.Build.0 = Debug|Any CPU
		{82D08DAD-206A-4630-90DD-5F86B09F5A4C}.Release|Any CPU.ActiveCfg = Release|Any CPU
		{82D08DAD-206A-4630-90DD-5F86B09F5A4C}.Release|Any CPU.Build.0 = Release|Any CPU
		{1A421698-FAE4-4A4C-8EDC-F7CD463343B5}.Debug|Any CPU.ActiveCfg = Debug|Any CPU
		{1A421698-FAE4-4A4C-8EDC-F7CD463343B5}.Debug|Any CPU.Build.0 = Debug|Any CPU
		{1A421698-FAE4-4A4C-8EDC-F7CD463343B5}.Release|Any CPU.ActiveCfg = Release|Any CPU
		{1A421698-FAE4-4A4C-8EDC-F7CD463343B5}.Release|Any CPU.Build.0 = Release|Any CPU
		{2E1EFAEB-9C54-41C1-9C68-09CB44535B9D}.Debug|Any CPU.ActiveCfg = Debug|Any CPU
		{2E1EFAEB-9C54-41C1-9C68-09CB44535B9D}.Debug|Any CPU.Build.0 = Debug|Any CPU
		{2E1EFAEB-9C54-41C1-9C68-09CB44535B9D}.Release|Any CPU.ActiveCfg = Release|Any CPU
		{2E1EFAEB-9C54-41C1-9C68-09CB44535B9D}.Release|Any CPU.Build.0 = Release|Any CPU
		{CE65161E-B55B-4903-B52C-CDC99997CA01}.Debug|Any CPU.ActiveCfg = Debug|Any CPU
		{CE65161E-B55B-4903-B52C-CDC99997CA01}.Debug|Any CPU.Build.0 = Debug|Any CPU
		{CE65161E-B55B-4903-B52C-CDC99997CA01}.Release|Any CPU.ActiveCfg = Release|Any CPU
		{CE65161E-B55B-4903-B52C-CDC99997CA01}.Release|Any CPU.Build.0 = Release|Any CPU
		{68DE2400-5F13-4CD6-8371-D36155D5CAD5}.Debug|Any CPU.ActiveCfg = Debug|Any CPU
		{68DE2400-5F13-4CD6-8371-D36155D5CAD5}.Debug|Any CPU.Build.0 = Debug|Any CPU
		{68DE2400-5F13-4CD6-8371-D36155D5CAD5}.Release|Any CPU.ActiveCfg = Release|Any CPU
		{68DE2400-5F13-4CD6-8371-D36155D5CAD5}.Release|Any CPU.Build.0 = Release|Any CPU
		{29F91701-DCC2-484C-8F0E-B15C70C5E0EA}.Debug|Any CPU.ActiveCfg = Debug|Any CPU
		{29F91701-DCC2-484C-8F0E-B15C70C5E0EA}.Debug|Any CPU.Build.0 = Debug|Any CPU
		{29F91701-DCC2-484C-8F0E-B15C70C5E0EA}.Release|Any CPU.ActiveCfg = Release|Any CPU
		{29F91701-DCC2-484C-8F0E-B15C70C5E0EA}.Release|Any CPU.Build.0 = Release|Any CPU
		{B5491BF2-D94F-40F5-A2C6-B32BE5E964F5}.Debug|Any CPU.ActiveCfg = Debug|Any CPU
		{B5491BF2-D94F-40F5-A2C6-B32BE5E964F5}.Debug|Any CPU.Build.0 = Debug|Any CPU
		{B5491BF2-D94F-40F5-A2C6-B32BE5E964F5}.Release|Any CPU.ActiveCfg = Release|Any CPU
		{B5491BF2-D94F-40F5-A2C6-B32BE5E964F5}.Release|Any CPU.Build.0 = Release|Any CPU
		{F70BEA07-7E21-4703-B3C5-80F492058557}.Debug|Any CPU.ActiveCfg = Debug|Any CPU
		{F70BEA07-7E21-4703-B3C5-80F492058557}.Debug|Any CPU.Build.0 = Debug|Any CPU
		{F70BEA07-7E21-4703-B3C5-80F492058557}.Release|Any CPU.ActiveCfg = Release|Any CPU
		{F70BEA07-7E21-4703-B3C5-80F492058557}.Release|Any CPU.Build.0 = Release|Any CPU
	EndGlobalSection
	GlobalSection(NestedProjects) = preSolution
		{FE016E01-FDBE-4DEA-A298-C81488FC4B42} = {394F3572-2702-4FF4-857E-BC3810B65F13}
		{4D76BED7-279B-4E0A-8C8D-6193CAAF2B05} = {DBAA07C4-D46D-4394-98AC-7D23FACE35B8}
		{CEF1E587-45AF-4B54-8947-71BA6FF07884} = {394F3572-2702-4FF4-857E-BC3810B65F13}
		{A0501640-CBF6-4ABB-B06F-153E277801DF} = {394F3572-2702-4FF4-857E-BC3810B65F13}
		{2E1EFAEB-9C54-41C1-9C68-09CB44535B9D} = {7BDC95B5-14A1-4193-806E-9B25851316FD}
		{CE65161E-B55B-4903-B52C-CDC99997CA01} = {394F3572-2702-4FF4-857E-BC3810B65F13}
		{68DE2400-5F13-4CD6-8371-D36155D5CAD5} = {394F3572-2702-4FF4-857E-BC3810B65F13}
		{B5491BF2-D94F-40F5-A2C6-B32BE5E964F5} = {394F3572-2702-4FF4-857E-BC3810B65F13}
	EndGlobalSection
EndGlobal
